
Microsoft Visual Studio Solution File, Format Version 12.00
# Visual Studio Version 17
VisualStudioVersion = 17.2.32526.322
MinimumVisualStudioVersion = 10.0.40219.1
Project("{FAE04EC0-301F-11D3-BF4B-00C04F79EFBC}") = "GSB_FSociety", "GSB_FSociety\GSB_FSociety.csproj", "{98968ED7-ED03-457A-9231-8DC0F6B11ACE}"
EndProject
Global
	GlobalSection(SolutionConfigurationPlatforms) = preSolution
		Debug|Any CPU = Debug|Any CPU
		Release|Any CPU = Release|Any CPU
	EndGlobalSection
	GlobalSection(ProjectConfigurationPlatforms) = postSolution
		{98968ED7-ED03-457A-9231-8DC0F6B11ACE}.Debug|Any CPU.ActiveCfg = Debug|Any CPU
		{98968ED7-ED03-457A-9231-8DC0F6B11ACE}.Debug|Any CPU.Build.0 = Debug|Any CPU
		{98968ED7-ED03-457A-9231-8DC0F6B11ACE}.Release|Any CPU.ActiveCfg = Release|Any CPU
		{98968ED7-ED03-457A-9231-8DC0F6B11ACE}.Release|Any CPU.Build.0 = Release|Any CPU
	EndGlobalSection
	GlobalSection(SolutionProperties) = preSolution
		HideSolutionNode = FALSE
	EndGlobalSection
	GlobalSection(ExtensibilityGlobals) = postSolution
		SolutionGuid = {A372EFD0-2DD0-42FB-90EA-7185CD75B397}
	EndGlobalSection
EndGlobal
